
Microsoft Visual Studio Solution File, Format Version 12.00
# Visual Studio Version 17
VisualStudioVersion = 17.13.35825.156 d17.13
MinimumVisualStudioVersion = 10.0.40219.1
Project("{FAE04EC0-301F-11D3-BF4B-00C04F79EFBC}") = "BloodSupportSystemProject", "BloodSupportSystemProject\BloodSupportSystemProject.csproj", "{C8682628-5541-4702-985E-874D4B794883}"
EndProject
Project("{FAE04EC0-301F-11D3-BF4B-00C04F79EFBC}") = "DAL", "DAL\DAL.csproj", "{E8629303-B3FA-4331-8F6B-D8ED26F829B4}"
EndProject
Project("{FAE04EC0-301F-11D3-BF4B-00C04F79EFBC}") = "BLL", "BLL\BLL.csproj", "{5E8ADF45-ECD5-4A3F-9946-E4849BE1F210}"
EndProject
Project("{FAE04EC0-301F-11D3-BF4B-00C04F79EFBC}") = "Common", "Common\Common.csproj", "{CF6CE019-3B08-4EB1-91A3-50F110B2A366}"
EndProject
Global
	GlobalSection(SolutionConfigurationPlatforms) = preSolution
		Debug|Any CPU = Debug|Any CPU
		Release|Any CPU = Release|Any CPU
	EndGlobalSection
	GlobalSection(ProjectConfigurationPlatforms) = postSolution
		{C8682628-5541-4702-985E-874D4B794883}.Debug|Any CPU.ActiveCfg = Debug|Any CPU
		{C8682628-5541-4702-985E-874D4B794883}.Debug|Any CPU.Build.0 = Debug|Any CPU
		{C8682628-5541-4702-985E-874D4B794883}.Release|Any CPU.ActiveCfg = Release|Any CPU
		{C8682628-5541-4702-985E-874D4B794883}.Release|Any CPU.Build.0 = Release|Any CPU
		{E8629303-B3FA-4331-8F6B-D8ED26F829B4}.Debug|Any CPU.ActiveCfg = Debug|Any CPU
		{E8629303-B3FA-4331-8F6B-D8ED26F829B4}.Debug|Any CPU.Build.0 = Debug|Any CPU
		{E8629303-B3FA-4331-8F6B-D8ED26F829B4}.Release|Any CPU.ActiveCfg = Release|Any CPU
		{E8629303-B3FA-4331-8F6B-D8ED26F829B4}.Release|Any CPU.Build.0 = Release|Any CPU
		{5E8ADF45-ECD5-4A3F-9946-E4849BE1F210}.Debug|Any CPU.ActiveCfg = Debug|Any CPU
		{5E8ADF45-ECD5-4A3F-9946-E4849BE1F210}.Debug|Any CPU.Build.0 = Debug|Any CPU
		{5E8ADF45-ECD5-4A3F-9946-E4849BE1F210}.Release|Any CPU.ActiveCfg = Release|Any CPU
		{5E8ADF45-ECD5-4A3F-9946-E4849BE1F210}.Release|Any CPU.Build.0 = Release|Any CPU
		{CF6CE019-3B08-4EB1-91A3-50F110B2A366}.Debug|Any CPU.ActiveCfg = Debug|Any CPU
		{CF6CE019-3B08-4EB1-91A3-50F110B2A366}.Debug|Any CPU.Build.0 = Debug|Any CPU
		{CF6CE019-3B08-4EB1-91A3-50F110B2A366}.Release|Any CPU.ActiveCfg = Release|Any CPU
		{CF6CE019-3B08-4EB1-91A3-50F110B2A366}.Release|Any CPU.Build.0 = Release|Any CPU
	EndGlobalSection
	GlobalSection(SolutionProperties) = preSolution
		HideSolutionNode = FALSE
	EndGlobalSection
	GlobalSection(ExtensibilityGlobals) = postSolution
		SolutionGuid = {88E069CA-A003-495E-9AF8-F2E6E7AF3AC8}
	EndGlobalSection
EndGlobal
